
Microsoft Visual Studio Solution File, Format Version 12.00
# Visual Studio Version 17
VisualStudioVersion = 17.7.34018.315
MinimumVisualStudioVersion = 10.0.40219.1
Project("{9A19103F-16F7-4668-BE54-9A1E7A4F7556}") = "Driver", "Driver\Driver.csproj", "{196D93F0-FE23-46DE-B549-DA921ADDBDF4}"
EndProject
Project("{9A19103F-16F7-4668-BE54-9A1E7A4F7556}") = "SoundScapes", "SoundScapes\SoundScapes.csproj", "{47A6CAF1-730F-4244-AFB5-E8702CE41558}"
EndProject
Project("{9A19103F-16F7-4668-BE54-9A1E7A4F7556}") = "SoundScapesEncoder", "SoundScapesEncoder\SoundScapesEncoder.csproj", "{70CAED3B-7505-425A-8ACE-C470067CE1D3}"
EndProject
Global
	GlobalSection(SolutionConfigurationPlatforms) = preSolution
		Debug|Any CPU = Debug|Any CPU
		Release|Any CPU = Release|Any CPU
	EndGlobalSection
	GlobalSection(ProjectConfigurationPlatforms) = postSolution
		{196D93F0-FE23-46DE-B549-DA921ADDBDF4}.Debug|Any CPU.ActiveCfg = Debug|Any CPU
		{196D93F0-FE23-46DE-B549-DA921ADDBDF4}.Debug|Any CPU.Build.0 = Debug|Any CPU
		{196D93F0-FE23-46DE-B549-DA921ADDBDF4}.Release|Any CPU.ActiveCfg = Release|Any CPU
		{196D93F0-FE23-46DE-B549-DA921ADDBDF4}.Release|Any CPU.Build.0 = Release|Any CPU
		{47A6CAF1-730F-4244-AFB5-E8702CE41558}.Debug|Any CPU.ActiveCfg = Debug|Any CPU
		{47A6CAF1-730F-4244-AFB5-E8702CE41558}.Debug|Any CPU.Build.0 = Debug|Any CPU
		{47A6CAF1-730F-4244-AFB5-E8702CE41558}.Release|Any CPU.ActiveCfg = Release|Any CPU
		{47A6CAF1-730F-4244-AFB5-E8702CE41558}.Release|Any CPU.Build.0 = Release|Any CPU
		{70CAED3B-7505-425A-8ACE-C470067CE1D3}.Debug|Any CPU.ActiveCfg = Debug|Any CPU
		{70CAED3B-7505-425A-8ACE-C470067CE1D3}.Debug|Any CPU.Build.0 = Debug|Any CPU
		{70CAED3B-7505-425A-8ACE-C470067CE1D3}.Release|Any CPU.ActiveCfg = Release|Any CPU
		{70CAED3B-7505-425A-8ACE-C470067CE1D3}.Release|Any CPU.Build.0 = Release|Any CPU
	EndGlobalSection
	GlobalSection(SolutionProperties) = preSolution
		HideSolutionNode = FALSE
	EndGlobalSection
	GlobalSection(ExtensibilityGlobals) = postSolution
		SolutionGuid = {4038ABC3-C5CA-47F5-B3DC-D83E06AD94CE}
	EndGlobalSection
EndGlobal
